
Microsoft Visual Studio Solution File, Format Version 12.00
# Visual Studio Version 17
VisualStudioVersion = 17.4.33122.133
MinimumVisualStudioVersion = 10.0.40219.1
Project("{FAE04EC0-301F-11D3-BF4B-00C04F79EFBC}") = "firstApp", "firstApp\firstApp.csproj", "{CC386040-8A99-4ADB-B093-631C61AB1A2E}"
EndProject
Global
	GlobalSection(SolutionConfigurationPlatforms) = preSolution
		Debug|Any CPU = Debug|Any CPU
		Release|Any CPU = Release|Any CPU
	EndGlobalSection
	GlobalSection(ProjectConfigurationPlatforms) = postSolution
		{CC386040-8A99-4ADB-B093-631C61AB1A2E}.Debug|Any CPU.ActiveCfg = Debug|Any CPU
		{CC386040-8A99-4ADB-B093-631C61AB1A2E}.Debug|Any CPU.Build.0 = Debug|Any CPU
		{CC386040-8A99-4ADB-B093-631C61AB1A2E}.Release|Any CPU.ActiveCfg = Release|Any CPU
		{CC386040-8A99-4ADB-B093-631C61AB1A2E}.Release|Any CPU.Build.0 = Release|Any CPU
	EndGlobalSection
	GlobalSection(SolutionProperties) = preSolution
		HideSolutionNode = FALSE
	EndGlobalSection
	GlobalSection(ExtensibilityGlobals) = postSolution
		SolutionGuid = {44064AC7-EFE2-4EA9-9D77-817C7306C4BB}
	EndGlobalSection
EndGlobal
